// !$*UTF8*$!
{
	archiveVersion = 1;
	classes = {
	};
	objectVersion = 50;
	objects = {

/* Begin PBXBuildFile section */
		895AB05C25414ED700DBD9FD /* CartViewController.swift in Sources */ = {isa = PBXBuildFile; fileRef = 895AB05B25414ED700DBD9FD /* CartViewController.swift */; };
		895AB05F25414EE200DBD9FD /* CameraViewController.swift in Sources */ = {isa = PBXBuildFile; fileRef = 895AB05E25414EE200DBD9FD /* CameraViewController.swift */; };
		895AB06225414EFA00DBD9FD /* ItemListViewController.swift in Sources */ = {isa = PBXBuildFile; fileRef = 895AB06125414EFA00DBD9FD /* ItemListViewController.swift */; };
		897C5888254036C6006832B3 /* AppDelegate.swift in Sources */ = {isa = PBXBuildFile; fileRef = 897C5887254036C6006832B3 /* AppDelegate.swift */; };
		897C588A254036C6006832B3 /* SceneDelegate.swift in Sources */ = {isa = PBXBuildFile; fileRef = 897C5889254036C6006832B3 /* SceneDelegate.swift */; };
		897C588F254036C6006832B3 /* Main.storyboard in Resources */ = {isa = PBXBuildFile; fileRef = 897C588D254036C6006832B3 /* Main.storyboard */; };
		897C5891254036C9006832B3 /* Assets.xcassets in Resources */ = {isa = PBXBuildFile; fileRef = 897C5890254036C9006832B3 /* Assets.xcassets */; };
		897C5894254036C9006832B3 /* LaunchScreen.storyboard in Resources */ = {isa = PBXBuildFile; fileRef = 897C5892254036C9006832B3 /* LaunchScreen.storyboard */; };
		897C589E25403B47006832B3 /* LoginViewController.swift in Sources */ = {isa = PBXBuildFile; fileRef = 897C589D25403B47006832B3 /* LoginViewController.swift */; };
		897C58A125403B58006832B3 /* SignupViewController.swift in Sources */ = {isa = PBXBuildFile; fileRef = 897C58A025403B58006832B3 /* SignupViewController.swift */; };
/* End PBXBuildFile section */

/* Begin PBXFileReference section */
		895AB05B25414ED700DBD9FD /* CartViewController.swift */ = {isa = PBXFileReference; lastKnownFileType = sourcecode.swift; path = CartViewController.swift; sourceTree = "<group>"; };
		895AB05E25414EE200DBD9FD /* CameraViewController.swift */ = {isa = PBXFileReference; lastKnownFileType = sourcecode.swift; path = CameraViewController.swift; sourceTree = "<group>"; };
		895AB06125414EFA00DBD9FD /* ItemListViewController.swift */ = {isa = PBXFileReference; lastKnownFileType = sourcecode.swift; path = ItemListViewController.swift; sourceTree = "<group>"; };
		897C5884254036C6006832B3 /* EasyFree-iOS.app */ = {isa = PBXFileReference; explicitFileType = wrapper.application; includeInIndex = 0; path = "EasyFree-iOS.app"; sourceTree = BUILT_PRODUCTS_DIR; };
		897C5887254036C6006832B3 /* AppDelegate.swift */ = {isa = PBXFileReference; lastKnownFileType = sourcecode.swift; path = AppDelegate.swift; sourceTree = "<group>"; };
		897C5889254036C6006832B3 /* SceneDelegate.swift */ = {isa = PBXFileReference; lastKnownFileType = sourcecode.swift; path = SceneDelegate.swift; sourceTree = "<group>"; };
		897C588E254036C6006832B3 /* Base */ = {isa = PBXFileReference; lastKnownFileType = file.storyboard; name = Base; path = Base.lproj/Main.storyboard; sourceTree = "<group>"; };
		897C5890254036C9006832B3 /* Assets.xcassets */ = {isa = PBXFileReference; lastKnownFileType = folder.assetcatalog; path = Assets.xcassets; sourceTree = "<group>"; };
		897C5893254036C9006832B3 /* Base */ = {isa = PBXFileReference; lastKnownFileType = file.storyboard; name = Base; path = Base.lproj/LaunchScreen.storyboard; sourceTree = "<group>"; };
		897C5895254036C9006832B3 /* Info.plist */ = {isa = PBXFileReference; lastKnownFileType = text.plist.xml; path = Info.plist; sourceTree = "<group>"; };
		897C589D25403B47006832B3 /* LoginViewController.swift */ = {isa = PBXFileReference; lastKnownFileType = sourcecode.swift; path = LoginViewController.swift; sourceTree = "<group>"; };
		897C58A025403B58006832B3 /* SignupViewController.swift */ = {isa = PBXFileReference; lastKnownFileType = sourcecode.swift; path = SignupViewController.swift; sourceTree = "<group>"; };
/* End PBXFileReference section */

/* Begin PBXFrameworksBuildPhase section */
		897C5881254036C6006832B3 /* Frameworks */ = {
			isa = PBXFrameworksBuildPhase;
			buildActionMask = 2147483647;
			files = (
			);
			runOnlyForDeploymentPostprocessing = 0;
		};
/* End PBXFrameworksBuildPhase section */

/* Begin PBXGroup section */
		897C587B254036C5006832B3 = {
			isa = PBXGroup;
			children = (
				897C5886254036C6006832B3 /* EasyFree-iOS */,
				897C5885254036C6006832B3 /* Products */,
			);
			sourceTree = "<group>";
		};
		897C5885254036C6006832B3 /* Products */ = {
			isa = PBXGroup;
			children = (
				897C5884254036C6006832B3 /* EasyFree-iOS.app */,
			);
			name = Products;
			sourceTree = "<group>";
		};
		897C5886254036C6006832B3 /* EasyFree-iOS */ = {
			isa = PBXGroup;
			children = (
				897C5887254036C6006832B3 /* AppDelegate.swift */,
				897C5889254036C6006832B3 /* SceneDelegate.swift */,
				897C588D254036C6006832B3 /* Main.storyboard */,
				895AB05B25414ED700DBD9FD /* CartViewController.swift */,
				895AB05E25414EE200DBD9FD /* CameraViewController.swift */,
				895AB06125414EFA00DBD9FD /* ItemListViewController.swift */,
				897C589D25403B47006832B3 /* LoginViewController.swift */,
				897C58A025403B58006832B3 /* SignupViewController.swift */,
				897C5890254036C9006832B3 /* Assets.xcassets */,
				897C5892254036C9006832B3 /* LaunchScreen.storyboard */,
				897C5895254036C9006832B3 /* Info.plist */,
			);
			path = "EasyFree-iOS";
			sourceTree = "<group>";
		};
/* End PBXGroup section */

/* Begin PBXNativeTarget section */
		897C5883254036C6006832B3 /* EasyFree-iOS */ = {
			isa = PBXNativeTarget;
			buildConfigurationList = 897C5898254036C9006832B3 /* Build configuration list for PBXNativeTarget "EasyFree-iOS" */;
			buildPhases = (
				897C5880254036C6006832B3 /* Sources */,
				897C5881254036C6006832B3 /* Frameworks */,
				897C5882254036C6006832B3 /* Resources */,
			);
			buildRules = (
			);
			dependencies = (
			);
			name = "EasyFree-iOS";
			productName = "EasyFree-iOS";
			productReference = 897C5884254036C6006832B3 /* EasyFree-iOS.app */;
			productType = "com.apple.product-type.application";
		};
/* End PBXNativeTarget section */

/* Begin PBXProject section */
		897C587C254036C5006832B3 /* Project object */ = {
			isa = PBXProject;
			attributes = {
				LastSwiftUpdateCheck = 1200;
				LastUpgradeCheck = 1200;
				TargetAttributes = {
					897C5883254036C6006832B3 = {
						CreatedOnToolsVersion = 12.0.1;
					};
				};
			};
			buildConfigurationList = 897C587F254036C6006832B3 /* Build configuration list for PBXProject "EasyFree-iOS" */;
			compatibilityVersion = "Xcode 9.3";
			developmentRegion = en;
			hasScannedForEncodings = 0;
			knownRegions = (
				en,
				Base,
			);
			mainGroup = 897C587B254036C5006832B3;
			productRefGroup = 897C5885254036C6006832B3 /* Products */;
			projectDirPath = "";
			projectRoot = "";
			targets = (
				897C5883254036C6006832B3 /* EasyFree-iOS */,
			);
		};
/* End PBXProject section */

/* Begin PBXResourcesBuildPhase section */
		897C5882254036C6006832B3 /* Resources */ = {
			isa = PBXResourcesBuildPhase;
			buildActionMask = 2147483647;
			files = (
				897C5894254036C9006832B3 /* LaunchScreen.storyboard in Resources */,
				897C5891254036C9006832B3 /* Assets.xcassets in Resources */,
				897C588F254036C6006832B3 /* Main.storyboard in Resources */,
			);
			runOnlyForDeploymentPostprocessing = 0;
		};
/* End PBXResourcesBuildPhase section */

/* Begin PBXSourcesBuildPhase section */
		897C5880254036C6006832B3 /* Sources */ = {
			isa = PBXSourcesBuildPhase;
			buildActionMask = 2147483647;
			files = (
				897C589E25403B47006832B3 /* LoginViewController.swift in Sources */,
				895AB06225414EFA00DBD9FD /* ItemListViewController.swift in Sources */,
				897C5888254036C6006832B3 /* AppDelegate.swift in Sources */,
				895AB05C25414ED700DBD9FD /* CartViewController.swift in Sources */,
				897C58A125403B58006832B3 /* SignupViewController.swift in Sources */,
				897C588A254036C6006832B3 /* SceneDelegate.swift in Sources */,
				895AB05F25414EE200DBD9FD /* CameraViewController.swift in Sources */,
			);
			runOnlyForDeploymentPostprocessing = 0;
		};
/* End PBXSourcesBuildPhase section */

/* Begin PBXVariantGroup section */
		897C588D254036C6006832B3 /* Main.storyboard */ = {
			isa = PBXVariantGroup;
			children = (
				897C588E254036C6006832B3 /* Base */,
			);
			name = Main.storyboard;
			sourceTree = "<group>";
		};
		897C5892254036C9006832B3 /* LaunchScreen.storyboard */ = {
			isa = PBXVariantGroup;
			children = (
				897C5893254036C9006832B3 /* Base */,
			);
			name = LaunchScreen.storyboard;
			sourceTree = "<group>";
		};
/* End PBXVariantGroup section */

/* Begin XCBuildConfiguration section */
		897C5896254036C9006832B3 /* Debug */ = {
			isa = XCBuildConfiguration;
			buildSettings = {
				ALWAYS_SEARCH_USER_PATHS = NO;
				CLANG_ANALYZER_NONNULL = YES;
				CLANG_ANALYZER_NUMBER_OBJECT_CONVERSION = YES_AGGRESSIVE;
				CLANG_CXX_LANGUAGE_STANDARD = "gnu++14";
				CLANG_CXX_LIBRARY = "libc++";
				CLANG_ENABLE_MODULES = YES;
				CLANG_ENABLE_OBJC_ARC = YES;
				CLANG_ENABLE_OBJC_WEAK = YES;
				CLANG_WARN_BLOCK_CAPTURE_AUTORELEASING = YES;
				CLANG_WARN_BOOL_CONVERSION = YES;
				CLANG_WARN_COMMA = YES;
				CLANG_WARN_CONSTANT_CONVERSION = YES;
				CLANG_WARN_DEPRECATED_OBJC_IMPLEMENTATIONS = YES;
				CLANG_WARN_DIRECT_OBJC_ISA_USAGE = YES_ERROR;
				CLANG_WARN_DOCUMENTATION_COMMENTS = YES;
				CLANG_WARN_EMPTY_BODY = YES;
				CLANG_WARN_ENUM_CONVERSION = YES;
				CLANG_WARN_INFINITE_RECURSION = YES;
				CLANG_WARN_INT_CONVERSION = YES;
				CLANG_WARN_NON_LITERAL_NULL_CONVERSION = YES;
				CLANG_WARN_OBJC_IMPLICIT_RETAIN_SELF = YES;
				CLANG_WARN_OBJC_LITERAL_CONVERSION = YES;
				CLANG_WARN_OBJC_ROOT_CLASS = YES_ERROR;
				CLANG_WARN_QUOTED_INCLUDE_IN_FRAMEWORK_HEADER = YES;
				CLANG_WARN_RANGE_LOOP_ANALYSIS = YES;
				CLANG_WARN_STRICT_PROTOTYPES = YES;
				CLANG_WARN_SUSPICIOUS_MOVE = YES;
				CLANG_WARN_UNGUARDED_AVAILABILITY = YES_AGGRESSIVE;
				CLANG_WARN_UNREACHABLE_CODE = YES;
				CLANG_WARN__DUPLICATE_METHOD_MATCH = YES;
				COPY_PHASE_STRIP = NO;
				DEBUG_INFORMATION_FORMAT = dwarf;
				ENABLE_STRICT_OBJC_MSGSEND = YES;
				ENABLE_TESTABILITY = YES;
				GCC_C_LANGUAGE_STANDARD = gnu11;
				GCC_DYNAMIC_NO_PIC = NO;
				GCC_NO_COMMON_BLOCKS = YES;
				GCC_OPTIMIZATION_LEVEL = 0;
				GCC_PREPROCESSOR_DEFINITIONS = (
					"DEBUG=1",
					"$(inherited)",
				);
				GCC_WARN_64_TO_32_BIT_CONVERSION = YES;
				GCC_WARN_ABOUT_RETURN_TYPE = YES_ERROR;
				GCC_WARN_UNDECLARED_SELECTOR = YES;
				GCC_WARN_UNINITIALIZED_AUTOS = YES_AGGRESSIVE;
				GCC_WARN_UNUSED_FUNCTION = YES;
				GCC_WARN_UNUSED_VARIABLE = YES;
				IPHONEOS_DEPLOYMENT_TARGET = 14.0;
				MTL_ENABLE_DEBUG_INFO = INCLUDE_SOURCE;
				MTL_FAST_MATH = YES;
				ONLY_ACTIVE_ARCH = YES;
				SDKROOT = iphoneos;
				SWIFT_ACTIVE_COMPILATION_CONDITIONS = DEBUG;
				SWIFT_OPTIMIZATION_LEVEL = "-Onone";
			};
			name = Debug;
		};
		897C5897254036C9006832B3 /* Release */ = {
			isa = XCBuildConfiguration;
			buildSettings = {
				ALWAYS_SEARCH_USER_PATHS = NO;
				CLANG_ANALYZER_NONNULL = YES;
				CLANG_ANALYZER_NUMBER_OBJECT_CONVERSION = YES_AGGRESSIVE;
				CLANG_CXX_LANGUAGE_STANDARD = "gnu++14";
				CLANG_CXX_LIBRARY = "libc++";
				CLANG_ENABLE_MODULES = YES;
				CLANG_ENABLE_OBJC_ARC = YES;
				CLANG_ENABLE_OBJC_WEAK = YES;
				CLANG_WARN_BLOCK_CAPTURE_AUTORELEASING = YES;
				CLANG_WARN_BOOL_CONVERSION = YES;
				CLANG_WARN_COMMA = YES;
				CLANG_WARN_CONSTANT_CONVERSION = YES;
				CLANG_WARN_DEPRECATED_OBJC_IMPLEMENTATIONS = YES;
				CLANG_WARN_DIRECT_OBJC_ISA_USAGE = YES_ERROR;
				CLANG_WARN_DOCUMENTATION_COMMENTS = YES;
				CLANG_WARN_EMPTY_BODY = YES;
				CLANG_WARN_ENUM_CONVERSION = YES;
				CLANG_WARN_INFINITE_RECURSION = YES;
				CLANG_WARN_INT_CONVERSION = YES;
				CLANG_WARN_NON_LITERAL_NULL_CONVERSION = YES;
				CLANG_WARN_OBJC_IMPLICIT_RETAIN_SELF = YES;
				CLANG_WARN_OBJC_LITERAL_CONVERSION = YES;
				CLANG_WARN_OBJC_ROOT_CLASS = YES_ERROR;
				CLANG_WARN_QUOTED_INCLUDE_IN_FRAMEWORK_HEADER = YES;
				CLANG_WARN_RANGE_LOOP_ANALYSIS = YES;
				CLANG_WARN_STRICT_PROTOTYPES = YES;
				CLANG_WARN_SUSPICIOUS_MOVE = YES;
				CLANG_WARN_UNGUARDED_AVAILABILITY = YES_AGGRESSIVE;
				CLANG_WARN_UNREACHABLE_CODE = YES;
				CLANG_WARN__DUPLICATE_METHOD_MATCH = YES;
				COPY_PHASE_STRIP = NO;
				DEBUG_INFORMATION_FORMAT = "dwarf-with-dsym";
				ENABLE_NS_ASSERTIONS = NO;
				ENABLE_STRICT_OBJC_MSGSEND = YES;
				GCC_C_LANGUAGE_STANDARD = gnu11;
				GCC_NO_COMMON_BLOCKS = YES;
				GCC_WARN_64_TO_32_BIT_CONVERSION = YES;
				GCC_WARN_ABOUT_RETURN_TYPE = YES_ERROR;
				GCC_WARN_UNDECLARED_SELECTOR = YES;
				GCC_WARN_UNINITIALIZED_AUTOS = YES_AGGRESSIVE;
				GCC_WARN_UNUSED_FUNCTION = YES;
				GCC_WARN_UNUSED_VARIABLE = YES;
				IPHONEOS_DEPLOYMENT_TARGET = 14.0;
				MTL_ENABLE_DEBUG_INFO = NO;
				MTL_FAST_MATH = YES;
				SDKROOT = iphoneos;
				SWIFT_COMPILATION_MODE = wholemodule;
				SWIFT_OPTIMIZATION_LEVEL = "-O";
				VALIDATE_PRODUCT = YES;
			};
			name = Release;
		};
		897C5899254036C9006832B3 /* Debug */ = {
			isa = XCBuildConfiguration;
			buildSettings = {
				ASSETCATALOG_COMPILER_APPICON_NAME = AppIcon;
				ASSETCATALOG_COMPILER_GLOBAL_ACCENT_COLOR_NAME = AccentColor;
				CODE_SIGN_STYLE = Automatic;
				INFOPLIST_FILE = "EasyFree-iOS/Info.plist";
				LD_RUNPATH_SEARCH_PATHS = (
					"$(inherited)",
					"@executable_path/Frameworks",
				);
				PRODUCT_BUNDLE_IDENTIFIER = "com.gyumyung.EasyFree-iOS";
				PRODUCT_NAME = "$(TARGET_NAME)";
				SWIFT_VERSION = 5.0;
				TARGETED_DEVICE_FAMILY = "1,2";
			};
			name = Debug;
		};
		897C589A254036C9006832B3 /* Release */ = {
			isa = XCBuildConfiguration;
			buildSettings = {
				ASSETCATALOG_COMPILER_APPICON_NAME = AppIcon;
				ASSETCATALOG_COMPILER_GLOBAL_ACCENT_COLOR_NAME = AccentColor;
				CODE_SIGN_STYLE = Automatic;
				INFOPLIST_FILE = "EasyFree-iOS/Info.plist";
				LD_RUNPATH_SEARCH_PATHS = (
					"$(inherited)",
					"@executable_path/Frameworks",
				);
				PRODUCT_BUNDLE_IDENTIFIER = "com.gyumyung.EasyFree-iOS";
				PRODUCT_NAME = "$(TARGET_NAME)";
				SWIFT_VERSION = 5.0;
				TARGETED_DEVICE_FAMILY = "1,2";
			};
			name = Release;
		};
/* End XCBuildConfiguration section */

/* Begin XCConfigurationList section */
		897C587F254036C6006832B3 /* Build configuration list for PBXProject "EasyFree-iOS" */ = {
			isa = XCConfigurationList;
			buildConfigurations = (
				897C5896254036C9006832B3 /* Debug */,
				897C5897254036C9006832B3 /* Release */,
			);
			defaultConfigurationIsVisible = 0;
			defaultConfigurationName = Release;
		};
		897C5898254036C9006832B3 /* Build configuration list for PBXNativeTarget "EasyFree-iOS" */ = {
			isa = XCConfigurationList;
			buildConfigurations = (
				897C5899254036C9006832B3 /* Debug */,
				897C589A254036C9006832B3 /* Release */,
			);
			defaultConfigurationIsVisible = 0;
			defaultConfigurationName = Release;
		};
/* End XCConfigurationList section */
	};
	rootObject = 897C587C254036C5006832B3 /* Project object */;
}
